
Microsoft Visual Studio Solution File, Format Version 12.00
# Visual Studio Version 17
VisualStudioVersion = 17.4.33205.214
MinimumVisualStudioVersion = 10.0.40219.1
Project("{FAE04EC0-301F-11D3-BF4B-00C04F79EFBC}") = "MinOneVariableGoldenRatio", "MinOneVariableGoldenRatio\MinOneVariableGoldenRatio.csproj", "{5E8C8037-9F0A-42E4-A43A-79B94B7A1069}"
EndProject
Global
	GlobalSection(SolutionConfigurationPlatforms) = preSolution
		Debug|Any CPU = Debug|Any CPU
		Release|Any CPU = Release|Any CPU
	EndGlobalSection
	GlobalSection(ProjectConfigurationPlatforms) = postSolution
		{5E8C8037-9F0A-42E4-A43A-79B94B7A1069}.Debug|Any CPU.ActiveCfg = Debug|Any CPU
		{5E8C8037-9F0A-42E4-A43A-79B94B7A1069}.Debug|Any CPU.Build.0 = Debug|Any CPU
		{5E8C8037-9F0A-42E4-A43A-79B94B7A1069}.Release|Any CPU.ActiveCfg = Release|Any CPU
		{5E8C8037-9F0A-42E4-A43A-79B94B7A1069}.Release|Any CPU.Build.0 = Release|Any CPU
	EndGlobalSection
	GlobalSection(SolutionProperties) = preSolution
		HideSolutionNode = FALSE
	EndGlobalSection
	GlobalSection(ExtensibilityGlobals) = postSolution
		SolutionGuid = {AE82530F-BE4B-42AF-9775-A2EB6F1A20BA}
	EndGlobalSection
EndGlobal
